
Microsoft Visual Studio Solution File, Format Version 12.00
# Visual Studio Version 17
VisualStudioVersion = 17.14.36811.4 d17.14
MinimumVisualStudioVersion = 10.0.40219.1
Project("{FAE04EC0-301F-11D3-BF4B-00C04F79EFBC}") = "Trivia Assignment backend", "Trivia Assignment backend.csproj", "{7050EBAD-9E80-4E55-B6F4-F25317B4AA11}"
EndProject
Global
	GlobalSection(SolutionConfigurationPlatforms) = preSolution
		Debug|Any CPU = Debug|Any CPU
		Release|Any CPU = Release|Any CPU
	EndGlobalSection
	GlobalSection(ProjectConfigurationPlatforms) = postSolution
		{7050EBAD-9E80-4E55-B6F4-F25317B4AA11}.Debug|Any CPU.ActiveCfg = Debug|Any CPU
		{7050EBAD-9E80-4E55-B6F4-F25317B4AA11}.Debug|Any CPU.Build.0 = Debug|Any CPU
		{7050EBAD-9E80-4E55-B6F4-F25317B4AA11}.Release|Any CPU.ActiveCfg = Release|Any CPU
		{7050EBAD-9E80-4E55-B6F4-F25317B4AA11}.Release|Any CPU.Build.0 = Release|Any CPU
	EndGlobalSection
	GlobalSection(SolutionProperties) = preSolution
		HideSolutionNode = FALSE
	EndGlobalSection
	GlobalSection(ExtensibilityGlobals) = postSolution
		SolutionGuid = {BF264F93-0A69-43BE-A463-DC9327085F23}
	EndGlobalSection
EndGlobal
